
Microsoft Visual Studio Solution File, Format Version 12.00
# Visual Studio Version 17
VisualStudioVersion = 17.0.32112.339
MinimumVisualStudioVersion = 10.0.40219.1
Project("{9A19103F-16F7-4668-BE54-9A1E7A4F7556}") = "Demo", "CQRSMediatrDemo\Demo.csproj", "{63D332ED-D216-4A5B-8AAE-997BF03848D3}"
EndProject
Global
	GlobalSection(SolutionConfigurationPlatforms) = preSolution
		Debug|Any CPU = Debug|Any CPU
		Release|Any CPU = Release|Any CPU
	EndGlobalSection
	GlobalSection(ProjectConfigurationPlatforms) = postSolution
		{63D332ED-D216-4A5B-8AAE-997BF03848D3}.Debug|Any CPU.ActiveCfg = Debug|Any CPU
		{63D332ED-D216-4A5B-8AAE-997BF03848D3}.Debug|Any CPU.Build.0 = Debug|Any CPU
		{63D332ED-D216-4A5B-8AAE-997BF03848D3}.Release|Any CPU.ActiveCfg = Release|Any CPU
		{63D332ED-D216-4A5B-8AAE-997BF03848D3}.Release|Any CPU.Build.0 = Release|Any CPU
	EndGlobalSection
	GlobalSection(SolutionProperties) = preSolution
		HideSolutionNode = FALSE
	EndGlobalSection
	GlobalSection(ExtensibilityGlobals) = postSolution
		SolutionGuid = {57CECFD6-E33B-4769-B7D5-1050BC7A08EE}
	EndGlobalSection
EndGlobal
